
Microsoft Visual Studio Solution File, Format Version 12.00
# Visual Studio 15
VisualStudioVersion = 15.0.33026.149
MinimumVisualStudioVersion = 10.0.40219.1
Project("{FAE04EC0-301F-11D3-BF4B-00C04F79EFBC}") = "OOP - Inheritance Part 2 and 3", "OOP - Inheritance Part 2 and 3\OOP - Inheritance Part 2 and 3.csproj", "{7436884E-A24C-4A67-8B7B-EBA070495A5E}"
EndProject
Project("{FAE04EC0-301F-11D3-BF4B-00C04F79EFBC}") = "OOP - Inheritance Part 3", "OOP - Inheritance Part 3\OOP - Inheritance Part 3.csproj", "{7EEC8349-3692-4490-8AF6-B54459DB9BBC}"
EndProject
Global
	GlobalSection(SolutionConfigurationPlatforms) = preSolution
		Debug|Any CPU = Debug|Any CPU
		Release|Any CPU = Release|Any CPU
	EndGlobalSection
	GlobalSection(ProjectConfigurationPlatforms) = postSolution
		{7436884E-A24C-4A67-8B7B-EBA070495A5E}.Debug|Any CPU.ActiveCfg = Debug|Any CPU
		{7436884E-A24C-4A67-8B7B-EBA070495A5E}.Debug|Any CPU.Build.0 = Debug|Any CPU
		{7436884E-A24C-4A67-8B7B-EBA070495A5E}.Release|Any CPU.ActiveCfg = Release|Any CPU
		{7436884E-A24C-4A67-8B7B-EBA070495A5E}.Release|Any CPU.Build.0 = Release|Any CPU
		{7EEC8349-3692-4490-8AF6-B54459DB9BBC}.Debug|Any CPU.ActiveCfg = Debug|Any CPU
		{7EEC8349-3692-4490-8AF6-B54459DB9BBC}.Debug|Any CPU.Build.0 = Debug|Any CPU
		{7EEC8349-3692-4490-8AF6-B54459DB9BBC}.Release|Any CPU.ActiveCfg = Release|Any CPU
		{7EEC8349-3692-4490-8AF6-B54459DB9BBC}.Release|Any CPU.Build.0 = Release|Any CPU
	EndGlobalSection
	GlobalSection(SolutionProperties) = preSolution
		HideSolutionNode = FALSE
	EndGlobalSection
	GlobalSection(ExtensibilityGlobals) = postSolution
		SolutionGuid = {9F98A876-F446-49F4-A07C-34407D1E9FAD}
	EndGlobalSection
EndGlobal
