
Microsoft Visual Studio Solution File, Format Version 12.00
# Visual Studio 15
VisualStudioVersion = 15.0.33026.149
MinimumVisualStudioVersion = 10.0.40219.1
Project("{FAE04EC0-301F-11D3-BF4B-00C04F79EFBC}") = "ConditionalStatements", "ConditionalStatements\ConditionalStatements.csproj", "{B831C592-FE3A-454D-BBC4-ECDEE7992A47}"
EndProject
Project("{FAE04EC0-301F-11D3-BF4B-00C04F79EFBC}") = "PastHomeworks", "PastHomeworks\PastHomeworks.csproj", "{AA5ABBE2-4053-4B2C-9F8B-EFA0747ABCAC}"
EndProject
Project("{FAE04EC0-301F-11D3-BF4B-00C04F79EFBC}") = "Homeworks", "Homeworks\Homeworks.csproj", "{5305E7B2-9B44-4C08-89D6-6AFAC229F094}"
EndProject
Global
	GlobalSection(SolutionConfigurationPlatforms) = preSolution
		Debug|Any CPU = Debug|Any CPU
		Release|Any CPU = Release|Any CPU
	EndGlobalSection
	GlobalSection(ProjectConfigurationPlatforms) = postSolution
		{B831C592-FE3A-454D-BBC4-ECDEE7992A47}.Debug|Any CPU.ActiveCfg = Debug|Any CPU
		{B831C592-FE3A-454D-BBC4-ECDEE7992A47}.Debug|Any CPU.Build.0 = Debug|Any CPU
		{B831C592-FE3A-454D-BBC4-ECDEE7992A47}.Release|Any CPU.ActiveCfg = Release|Any CPU
		{B831C592-FE3A-454D-BBC4-ECDEE7992A47}.Release|Any CPU.Build.0 = Release|Any CPU
		{AA5ABBE2-4053-4B2C-9F8B-EFA0747ABCAC}.Debug|Any CPU.ActiveCfg = Debug|Any CPU
		{AA5ABBE2-4053-4B2C-9F8B-EFA0747ABCAC}.Debug|Any CPU.Build.0 = Debug|Any CPU
		{AA5ABBE2-4053-4B2C-9F8B-EFA0747ABCAC}.Release|Any CPU.ActiveCfg = Release|Any CPU
		{AA5ABBE2-4053-4B2C-9F8B-EFA0747ABCAC}.Release|Any CPU.Build.0 = Release|Any CPU
		{5305E7B2-9B44-4C08-89D6-6AFAC229F094}.Debug|Any CPU.ActiveCfg = Debug|Any CPU
		{5305E7B2-9B44-4C08-89D6-6AFAC229F094}.Debug|Any CPU.Build.0 = Debug|Any CPU
		{5305E7B2-9B44-4C08-89D6-6AFAC229F094}.Release|Any CPU.ActiveCfg = Release|Any CPU
		{5305E7B2-9B44-4C08-89D6-6AFAC229F094}.Release|Any CPU.Build.0 = Release|Any CPU
	EndGlobalSection
	GlobalSection(SolutionProperties) = preSolution
		HideSolutionNode = FALSE
	EndGlobalSection
	GlobalSection(ExtensibilityGlobals) = postSolution
		SolutionGuid = {E19B5CDF-7D62-4725-99FB-A6BFB08D3925}
	EndGlobalSection
EndGlobal
