
Microsoft Visual Studio Solution File, Format Version 12.00
# Visual Studio 15
VisualStudioVersion = 15.0.33026.149
MinimumVisualStudioVersion = 10.0.40219.1
Project("{FAE04EC0-301F-11D3-BF4B-00C04F79EFBC}") = "Encapsulation", "Encapsulation\Encapsulation.csproj", "{2A1CF5DA-55F5-4245-AA97-8FEB240E6902}"
EndProject
Project("{FAE04EC0-301F-11D3-BF4B-00C04F79EFBC}") = "PastHomeworks", "PastHomeworks\PastHomeworks.csproj", "{08CB9E4D-52F4-46F0-902D-41E6CD032E94}"
EndProject
Project("{FAE04EC0-301F-11D3-BF4B-00C04F79EFBC}") = "Homework", "Homework\Homework.csproj", "{4CB3430E-FA50-4052-8B0D-458EBCDF1F0B}"
EndProject
Global
	GlobalSection(SolutionConfigurationPlatforms) = preSolution
		Debug|Any CPU = Debug|Any CPU
		Release|Any CPU = Release|Any CPU
	EndGlobalSection
	GlobalSection(ProjectConfigurationPlatforms) = postSolution
		{2A1CF5DA-55F5-4245-AA97-8FEB240E6902}.Debug|Any CPU.ActiveCfg = Debug|Any CPU
		{2A1CF5DA-55F5-4245-AA97-8FEB240E6902}.Debug|Any CPU.Build.0 = Debug|Any CPU
		{2A1CF5DA-55F5-4245-AA97-8FEB240E6902}.Release|Any CPU.ActiveCfg = Release|Any CPU
		{2A1CF5DA-55F5-4245-AA97-8FEB240E6902}.Release|Any CPU.Build.0 = Release|Any CPU
		{08CB9E4D-52F4-46F0-902D-41E6CD032E94}.Debug|Any CPU.ActiveCfg = Debug|Any CPU
		{08CB9E4D-52F4-46F0-902D-41E6CD032E94}.Debug|Any CPU.Build.0 = Debug|Any CPU
		{08CB9E4D-52F4-46F0-902D-41E6CD032E94}.Release|Any CPU.ActiveCfg = Release|Any CPU
		{08CB9E4D-52F4-46F0-902D-41E6CD032E94}.Release|Any CPU.Build.0 = Release|Any CPU
		{4CB3430E-FA50-4052-8B0D-458EBCDF1F0B}.Debug|Any CPU.ActiveCfg = Debug|Any CPU
		{4CB3430E-FA50-4052-8B0D-458EBCDF1F0B}.Debug|Any CPU.Build.0 = Debug|Any CPU
		{4CB3430E-FA50-4052-8B0D-458EBCDF1F0B}.Release|Any CPU.ActiveCfg = Release|Any CPU
		{4CB3430E-FA50-4052-8B0D-458EBCDF1F0B}.Release|Any CPU.Build.0 = Release|Any CPU
	EndGlobalSection
	GlobalSection(SolutionProperties) = preSolution
		HideSolutionNode = FALSE
	EndGlobalSection
	GlobalSection(ExtensibilityGlobals) = postSolution
		SolutionGuid = {CB41BC3F-2640-46EF-BBFD-2CCCF8C582F8}
	EndGlobalSection
EndGlobal
